
Microsoft Visual Studio Solution File, Format Version 12.00
# Visual Studio Version 16
VisualStudioVersion = 16.0.30503.244
MinimumVisualStudioVersion = 10.0.40219.1
Project("{FAE04EC0-301F-11D3-BF4B-00C04F79EFBC}") = "ruap-lv6", "ruap-lv6\ruap-lv6.csproj", "{971FDF35-E304-41E3-9051-651FD5E49D89}"
EndProject
Global
	GlobalSection(SolutionConfigurationPlatforms) = preSolution
		Debug|Any CPU = Debug|Any CPU
		Release|Any CPU = Release|Any CPU
	EndGlobalSection
	GlobalSection(ProjectConfigurationPlatforms) = postSolution
		{971FDF35-E304-41E3-9051-651FD5E49D89}.Debug|Any CPU.ActiveCfg = Debug|Any CPU
		{971FDF35-E304-41E3-9051-651FD5E49D89}.Debug|Any CPU.Build.0 = Debug|Any CPU
		{971FDF35-E304-41E3-9051-651FD5E49D89}.Release|Any CPU.ActiveCfg = Release|Any CPU
		{971FDF35-E304-41E3-9051-651FD5E49D89}.Release|Any CPU.Build.0 = Release|Any CPU
	EndGlobalSection
	GlobalSection(SolutionProperties) = preSolution
		HideSolutionNode = FALSE
	EndGlobalSection
	GlobalSection(ExtensibilityGlobals) = postSolution
		SolutionGuid = {B5734505-5F40-4FAD-B91E-9CD3D3E4399A}
	EndGlobalSection
EndGlobal
